{
  "name": "elevator-list",
  "version": "0.0.0",
  "lockfileVersion": 1,
  "requires": true,
  "dependencies": {
    "animated-js": {
      "version": "0.0.5",
      "resolved": "https://registry.npmjs.org/animated-js/-/animated-js-0.0.5.tgz",
      "integrity": "sha1-eDeajvhCxIsnbhbRutDsUU3TYuI=",
      "requires": {
        "invariant": "2.2.1",
        "normalize-css-color": "1.0.2"
      }
    },
    "invariant": {
      "version": "2.2.1",
      "resolved": "https://registry.npmjs.org/invariant/-/invariant-2.2.1.tgz",
      "integrity": "sha1-sJcBBUdmjH4zcCjr6Bbr42yKjVQ=",
      "requires": {
        "loose-envify": "1.3.1"
      }
    },
    "js-tokens": {
      "version": "3.0.2",
      "resolved": "https://registry.npmjs.org/js-tokens/-/js-tokens-3.0.2.tgz",
      "integrity": "sha1-mGbfOVECEw449/mWvOtlRDIJwls="
    },
    "loose-envify": {
      "version": "1.3.1",
      "resolved": "https://registry.npmjs.org/loose-envify/-/loose-envify-1.3.1.tgz",
      "integrity": "sha1-0aitM/qc4OcT1l/dCsi3SNR4yEg=",
      "requires": {
        "js-tokens": "3.0.2"
      }
    },
    "normalize-css-color": {
      "version": "1.0.2",
      "resolved": "https://registry.npmjs.org/normalize-css-color/-/normalize-css-color-1.0.2.tgz",
      "integrity": "sha1-Apkel8zOxmI/5XOvu/Deah8+n40="
    },
    "rax-animated": {
      "version": "0.4.12",
      "resolved": "https://registry.npmjs.org/rax-animated/-/rax-animated-0.4.12.tgz",
      "integrity": "sha1-4jn5fTWz7qD3YfpxZoy05r0/yz0=",
      "requires": {
        "animated-js": "0.0.5",
        "invariant": "2.2.1",
        "rax-image": "0.4.12",
        "rax-scrollview": "0.4.12",
        "rax-text": "0.4.12",
        "rax-view": "0.4.12"
      },
      "dependencies": {
        "rax-text": {
          "version": "0.4.12",
          "resolved": "https://registry.npmjs.org/rax-text/-/rax-text-0.4.12.tgz",
          "integrity": "sha1-S3Ili1YuRK+XRPtCxPrAnBut38M=",
          "requires": {
            "universal-env": "0.4.12"
          }
        },
        "rax-view": {
          "version": "0.4.12",
          "resolved": "https://registry.npmjs.org/rax-view/-/rax-view-0.4.12.tgz",
          "integrity": "sha1-KcpmbOIABlKY2POKjYyjnREmEVk=",
          "requires": {
            "universal-env": "0.4.12"
          }
        }
      }
    },
    "rax-button": {
      "version": "0.4.12",
      "resolved": "https://registry.npmjs.org/rax-button/-/rax-button-0.4.12.tgz",
      "integrity": "sha1-N/SnEmPaPYIpPFt5Q1ICnqmILUo=",
      "requires": {
        "rax-text": "0.4.12",
        "rax-touchable": "0.4.12",
        "universal-env": "0.4.12"
      },
      "dependencies": {
        "rax-text": {
          "version": "0.4.12",
          "resolved": "https://registry.npmjs.org/rax-text/-/rax-text-0.4.12.tgz",
          "integrity": "sha1-S3Ili1YuRK+XRPtCxPrAnBut38M=",
          "requires": {
            "universal-env": "0.4.12"
          }
        }
      }
    },
    "rax-components": {
      "version": "0.4.12",
      "resolved": "https://registry.npmjs.org/rax-components/-/rax-components-0.4.12.tgz",
      "integrity": "sha1-O02/VEREGGxpxrhno3jD/zBgDyM=",
      "requires": {
        "rax-button": "0.4.12",
        "rax-image": "0.4.12",
        "rax-link": "0.4.12",
        "rax-listview": "0.4.12",
        "rax-recyclerview": "0.4.12",
        "rax-refreshcontrol": "0.4.12",
        "rax-scrollview": "0.4.12",
        "rax-slider": "0.4.12",
        "rax-switch": "0.4.12",
        "rax-text": "0.4.12",
        "rax-textinput": "0.4.12",
        "rax-touchable": "0.4.12",
        "rax-video": "0.4.12",
        "rax-view": "0.4.12"
      },
      "dependencies": {
        "rax-text": {
          "version": "0.4.12",
          "resolved": "https://registry.npmjs.org/rax-text/-/rax-text-0.4.12.tgz",
          "integrity": "sha1-S3Ili1YuRK+XRPtCxPrAnBut38M=",
          "requires": {
            "universal-env": "0.4.12"
          }
        },
        "rax-view": {
          "version": "0.4.12",
          "resolved": "https://registry.npmjs.org/rax-view/-/rax-view-0.4.12.tgz",
          "integrity": "sha1-KcpmbOIABlKY2POKjYyjnREmEVk=",
          "requires": {
            "universal-env": "0.4.12"
          }
        }
      }
    },
    "rax-gotop": {
      "version": "0.4.12",
      "resolved": "https://registry.npmjs.org/rax-gotop/-/rax-gotop-0.4.12.tgz",
      "integrity": "sha1-D0BLltcIy8bx4gY5k3Rs1hRcXAA=",
      "requires": {
        "rax-animated": "0.4.12",
        "rax-image": "0.4.12",
        "rax-text": "0.4.12",
        "rax-view": "0.4.12",
        "universal-env": "0.4.12"
      },
      "dependencies": {
        "rax-text": {
          "version": "0.4.12",
          "resolved": "https://registry.npmjs.org/rax-text/-/rax-text-0.4.12.tgz",
          "integrity": "sha1-S3Ili1YuRK+XRPtCxPrAnBut38M=",
          "requires": {
            "universal-env": "0.4.12"
          }
        },
        "rax-view": {
          "version": "0.4.12",
          "resolved": "https://registry.npmjs.org/rax-view/-/rax-view-0.4.12.tgz",
          "integrity": "sha1-KcpmbOIABlKY2POKjYyjnREmEVk=",
          "requires": {
            "universal-env": "0.4.12"
          }
        }
      }
    },
    "rax-grid": {
      "version": "0.4.12",
      "resolved": "https://registry.npmjs.org/rax-grid/-/rax-grid-0.4.12.tgz",
      "integrity": "sha1-wklPEMorZM4hoIMsNe9mB3O5NRE=",
      "requires": {
        "rax-view": "0.4.12"
      },
      "dependencies": {
        "rax-view": {
          "version": "0.4.12",
          "resolved": "https://registry.npmjs.org/rax-view/-/rax-view-0.4.12.tgz",
          "integrity": "sha1-KcpmbOIABlKY2POKjYyjnREmEVk=",
          "requires": {
            "universal-env": "0.4.12"
          }
        }
      }
    },
    "rax-icon": {
      "version": "0.4.12",
      "resolved": "https://registry.npmjs.org/rax-icon/-/rax-icon-0.4.12.tgz",
      "integrity": "sha1-D55AhtcOks9fEpbZY47nrREpO/4=",
      "requires": {
        "rax-image": "0.4.12",
        "rax-text": "0.4.12",
        "rax-view": "0.4.12",
        "universal-env": "0.4.12"
      },
      "dependencies": {
        "rax-text": {
          "version": "0.4.12",
          "resolved": "https://registry.npmjs.org/rax-text/-/rax-text-0.4.12.tgz",
          "integrity": "sha1-S3Ili1YuRK+XRPtCxPrAnBut38M=",
          "requires": {
            "universal-env": "0.4.12"
          }
        },
        "rax-view": {
          "version": "0.4.12",
          "resolved": "https://registry.npmjs.org/rax-view/-/rax-view-0.4.12.tgz",
          "integrity": "sha1-KcpmbOIABlKY2POKjYyjnREmEVk=",
          "requires": {
            "universal-env": "0.4.12"
          }
        }
      }
    },
    "rax-image": {
      "version": "0.4.12",
      "resolved": "https://registry.npmjs.org/rax-image/-/rax-image-0.4.12.tgz",
      "integrity": "sha1-mMHtZ+N3qAiXVMuH62i7g/Ktom4=",
      "requires": {
        "rax-view": "0.4.12",
        "universal-env": "0.4.12"
      },
      "dependencies": {
        "rax-view": {
          "version": "0.4.12",
          "resolved": "https://registry.npmjs.org/rax-view/-/rax-view-0.4.12.tgz",
          "integrity": "sha1-KcpmbOIABlKY2POKjYyjnREmEVk=",
          "requires": {
            "universal-env": "0.4.12"
          }
        }
      }
    },
    "rax-link": {
      "version": "0.4.12",
      "resolved": "https://registry.npmjs.org/rax-link/-/rax-link-0.4.12.tgz",
      "integrity": "sha1-LFVFMt+4L3FEQ50MYCTpxwsnst8=",
      "requires": {
        "rax-text": "0.4.12",
        "universal-env": "0.4.12"
      },
      "dependencies": {
        "rax-text": {
          "version": "0.4.12",
          "resolved": "https://registry.npmjs.org/rax-text/-/rax-text-0.4.12.tgz",
          "integrity": "sha1-S3Ili1YuRK+XRPtCxPrAnBut38M=",
          "requires": {
            "universal-env": "0.4.12"
          }
        }
      }
    },
    "rax-listview": {
      "version": "0.4.12",
      "resolved": "https://registry.npmjs.org/rax-listview/-/rax-listview-0.4.12.tgz",
      "integrity": "sha1-Mg8OqLGmTbXhMXuHz0R3/KUIGJo=",
      "requires": {
        "rax-recyclerview": "0.4.12",
        "rax-view": "0.4.12",
        "universal-env": "0.4.12"
      },
      "dependencies": {
        "rax-view": {
          "version": "0.4.12",
          "resolved": "https://registry.npmjs.org/rax-view/-/rax-view-0.4.12.tgz",
          "integrity": "sha1-KcpmbOIABlKY2POKjYyjnREmEVk=",
          "requires": {
            "universal-env": "0.4.12"
          }
        }
      }
    },
    "rax-multirow": {
      "version": "0.4.12",
      "resolved": "https://registry.npmjs.org/rax-multirow/-/rax-multirow-0.4.12.tgz",
      "integrity": "sha1-OOGcp3aBAOIb4SF/mkS+Mc6b6Ng=",
      "requires": {
        "rax-grid": "0.4.12",
        "rax-view": "0.4.12"
      },
      "dependencies": {
        "rax-view": {
          "version": "0.4.12",
          "resolved": "https://registry.npmjs.org/rax-view/-/rax-view-0.4.12.tgz",
          "integrity": "sha1-KcpmbOIABlKY2POKjYyjnREmEVk=",
          "requires": {
            "universal-env": "0.4.12"
          }
        }
      }
    },
    "rax-picture": {
      "version": "0.4.12",
      "resolved": "https://registry.npmjs.org/rax-picture/-/rax-picture-0.4.12.tgz",
      "integrity": "sha1-WPcJPQLpfjivRGmm7liKR6ija0k=",
      "requires": {
        "rax-image": "0.4.12",
        "rax-view": "0.4.12",
        "universal-env": "0.4.12"
      },
      "dependencies": {
        "rax-view": {
          "version": "0.4.12",
          "resolved": "https://registry.npmjs.org/rax-view/-/rax-view-0.4.12.tgz",
          "integrity": "sha1-KcpmbOIABlKY2POKjYyjnREmEVk=",
          "requires": {
            "universal-env": "0.4.12"
          }
        }
      }
    },
    "rax-recyclerview": {
      "version": "0.4.12",
      "resolved": "https://registry.npmjs.org/rax-recyclerview/-/rax-recyclerview-0.4.12.tgz",
      "integrity": "sha1-h7y7M6ptY+scbY7T2FkULQ+LA2w=",
      "requires": {
        "rax-refreshcontrol": "0.4.12",
        "rax-scrollview": "0.4.12",
        "rax-view": "0.4.12",
        "universal-env": "0.4.12"
      },
      "dependencies": {
        "rax-view": {
          "version": "0.4.12",
          "resolved": "https://registry.npmjs.org/rax-view/-/rax-view-0.4.12.tgz",
          "integrity": "sha1-KcpmbOIABlKY2POKjYyjnREmEVk=",
          "requires": {
            "universal-env": "0.4.12"
          }
        }
      }
    },
    "rax-refreshcontrol": {
      "version": "0.4.12",
      "resolved": "https://registry.npmjs.org/rax-refreshcontrol/-/rax-refreshcontrol-0.4.12.tgz",
      "integrity": "sha1-JEw2L/c6W3jfjSRAA7Kq8w5/3Ms=",
      "requires": {
        "universal-env": "0.4.12"
      }
    },
    "rax-scrollview": {
      "version": "0.4.12",
      "resolved": "https://registry.npmjs.org/rax-scrollview/-/rax-scrollview-0.4.12.tgz",
      "integrity": "sha1-srZJN7ySEcKd6n8RipNYYbbWZPg=",
      "requires": {
        "rax-refreshcontrol": "0.4.12",
        "rax-view": "0.4.12",
        "universal-env": "0.4.12"
      },
      "dependencies": {
        "rax-view": {
          "version": "0.4.12",
          "resolved": "https://registry.npmjs.org/rax-view/-/rax-view-0.4.12.tgz",
          "integrity": "sha1-KcpmbOIABlKY2POKjYyjnREmEVk=",
          "requires": {
            "universal-env": "0.4.12"
          }
        }
      }
    },
    "rax-slider": {
      "version": "0.4.12",
      "resolved": "https://registry.npmjs.org/rax-slider/-/rax-slider-0.4.12.tgz",
      "integrity": "sha1-JFCWLh2iAIibDd5TeVcBDkIlvsY=",
      "requires": {
        "rax-view": "0.4.12",
        "universal-env": "0.4.12",
        "universal-panresponder": "0.4.12"
      },
      "dependencies": {
        "rax-view": {
          "version": "0.4.12",
          "resolved": "https://registry.npmjs.org/rax-view/-/rax-view-0.4.12.tgz",
          "integrity": "sha1-KcpmbOIABlKY2POKjYyjnREmEVk=",
          "requires": {
            "universal-env": "0.4.12"
          }
        }
      }
    },
    "rax-switch": {
      "version": "0.4.12",
      "resolved": "https://registry.npmjs.org/rax-switch/-/rax-switch-0.4.12.tgz",
      "integrity": "sha1-HNsoJY9HIhg89iel/G/SbXOAfrs=",
      "requires": {
        "universal-env": "0.4.12"
      }
    },
    "rax-tabheader": {
      "version": "0.4.12",
      "resolved": "https://registry.npmjs.org/rax-tabheader/-/rax-tabheader-0.4.12.tgz",
      "integrity": "sha1-6Pacequ7UI+Et7Xq4nsIU9ZBGBU=",
      "requires": {
        "rax-grid": "0.4.12",
        "rax-icon": "0.4.12",
        "rax-image": "0.4.12",
        "rax-multirow": "0.4.12",
        "rax-scrollview": "0.4.12",
        "rax-text": "0.4.12",
        "rax-touchable": "0.4.12",
        "rax-view": "0.4.12",
        "universal-env": "0.4.12",
        "universal-transition": "0.4.12"
      },
      "dependencies": {
        "rax-text": {
          "version": "0.4.12",
          "resolved": "https://registry.npmjs.org/rax-text/-/rax-text-0.4.12.tgz",
          "integrity": "sha1-S3Ili1YuRK+XRPtCxPrAnBut38M=",
          "requires": {
            "universal-env": "0.4.12"
          }
        },
        "rax-view": {
          "version": "0.4.12",
          "resolved": "https://registry.npmjs.org/rax-view/-/rax-view-0.4.12.tgz",
          "integrity": "sha1-KcpmbOIABlKY2POKjYyjnREmEVk=",
          "requires": {
            "universal-env": "0.4.12"
          }
        }
      }
    },
    "rax-textinput": {
      "version": "0.4.12",
      "resolved": "https://registry.npmjs.org/rax-textinput/-/rax-textinput-0.4.12.tgz",
      "integrity": "sha1-Zc9gpMwpcpO1c5z+IklXLAPzv6M=",
      "requires": {
        "universal-env": "0.4.12"
      }
    },
    "rax-touchable": {
      "version": "0.4.12",
      "resolved": "https://registry.npmjs.org/rax-touchable/-/rax-touchable-0.4.12.tgz",
      "integrity": "sha1-7JQmZ2j5Wbj4hZgorsROWcBrfLo=",
      "requires": {
        "rax-view": "0.4.12",
        "universal-env": "0.4.12"
      },
      "dependencies": {
        "rax-view": {
          "version": "0.4.12",
          "resolved": "https://registry.npmjs.org/rax-view/-/rax-view-0.4.12.tgz",
          "integrity": "sha1-KcpmbOIABlKY2POKjYyjnREmEVk=",
          "requires": {
            "universal-env": "0.4.12"
          }
        }
      }
    },
    "rax-video": {
      "version": "0.4.12",
      "resolved": "https://registry.npmjs.org/rax-video/-/rax-video-0.4.12.tgz",
      "integrity": "sha1-ylVqgS8pBQZlQJGnCHGE9YFapYA=",
      "requires": {
        "universal-env": "0.4.12"
      }
    },
    "style-unit": {
      "version": "0.4.12",
      "resolved": "https://registry.npmjs.org/style-unit/-/style-unit-0.4.12.tgz",
      "integrity": "sha1-lp6lTSFHXwVK01EuORi3u5YfxpQ="
    },
    "universal-env": {
      "version": "0.4.12",
      "resolved": "https://registry.npmjs.org/universal-env/-/universal-env-0.4.12.tgz",
      "integrity": "sha1-DlvZV3fpJRaP8QqkSD7ny4M7ySg="
    },
    "universal-panresponder": {
      "version": "0.4.12",
      "resolved": "https://registry.npmjs.org/universal-panresponder/-/universal-panresponder-0.4.12.tgz",
      "integrity": "sha1-XKsopX7rwEHsHtweWP6oitZLWGQ=",
      "requires": {
        "universal-env": "0.4.12"
      }
    },
    "universal-transition": {
      "version": "0.4.12",
      "resolved": "https://registry.npmjs.org/universal-transition/-/universal-transition-0.4.12.tgz",
      "integrity": "sha1-6aG6Vslwv0fJ3TpGGPfZ2BYMUqc=",
      "requires": {
        "style-unit": "0.4.12",
        "universal-env": "0.4.12"
      }
    }
  }
}
